// !$*UTF8*$!
{
	archiveVersion = 1;
	classes = {
	};
	objectVersion = 51;
	objects = {

/* Begin PBXBuildFile section */
		064DF175F54DD5E9C19D1CF2 /* Pods_Zabor.framework in Frameworks */ = {isa = PBXBuildFile; fileRef = D7A7DB4DD7AD5E3768ABF4B3 /* Pods_Zabor.framework */; };
		634B758A2508E34A00045F42 /* NewObjectViewController.swift in Sources */ = {isa = PBXBuildFile; fileRef = 634B75892508E34A00045F42 /* NewObjectViewController.swift */; };
		634B758C2508E44C00045F42 /* ObjectTableViewCell.swift in Sources */ = {isa = PBXBuildFile; fileRef = 634B758B2508E44C00045F42 /* ObjectTableViewCell.swift */; };
		634B758E250903BD00045F42 /* PhotoCellCollectionViewCell.swift in Sources */ = {isa = PBXBuildFile; fileRef = 634B758D250903BD00045F42 /* PhotoCellCollectionViewCell.swift */; };
		634B75932509596F00045F42 /* Product.swift in Sources */ = {isa = PBXBuildFile; fileRef = 634B75922509596F00045F42 /* Product.swift */; };
		634B759525096C6F00045F42 /* User.swift in Sources */ = {isa = PBXBuildFile; fileRef = 634B759425096C6F00045F42 /* User.swift */; };
		63A779832505EFD1008260BB /* AppDelegate.swift in Sources */ = {isa = PBXBuildFile; fileRef = 63A779822505EFD1008260BB /* AppDelegate.swift */; };
		63A779852505EFD1008260BB /* SceneDelegate.swift in Sources */ = {isa = PBXBuildFile; fileRef = 63A779842505EFD1008260BB /* SceneDelegate.swift */; };
		63A779872505EFD1008260BB /* ViewController.swift in Sources */ = {isa = PBXBuildFile; fileRef = 63A779862505EFD1008260BB /* ViewController.swift */; };
		63A7798A2505EFD1008260BB /* Main.storyboard in Resources */ = {isa = PBXBuildFile; fileRef = 63A779882505EFD1008260BB /* Main.storyboard */; };
		63A7798D2505EFD1008260BB /* Zabor.xcdatamodeld in Sources */ = {isa = PBXBuildFile; fileRef = 63A7798B2505EFD1008260BB /* Zabor.xcdatamodeld */; };
		63A7798F2505EFD4008260BB /* Assets.xcassets in Resources */ = {isa = PBXBuildFile; fileRef = 63A7798E2505EFD4008260BB /* Assets.xcassets */; };
		63A779922505EFD4008260BB /* LaunchScreen.storyboard in Resources */ = {isa = PBXBuildFile; fileRef = 63A779902505EFD4008260BB /* LaunchScreen.storyboard */; };
		63A7799A2506113E008260BB /* GoogleService-Info.plist in Resources */ = {isa = PBXBuildFile; fileRef = 63A779992506113E008260BB /* GoogleService-Info.plist */; };
		63A7799C25061AF8008260BB /* AuthorizationViewController.swift in Sources */ = {isa = PBXBuildFile; fileRef = 63A7799B25061AF8008260BB /* AuthorizationViewController.swift */; };
		63A7799F2506308A008260BB /* CodeValidationViewController.swift in Sources */ = {isa = PBXBuildFile; fileRef = 63A7799E2506308A008260BB /* CodeValidationViewController.swift */; };
		63A779A125063DBC008260BB /* WorkViewController.swift in Sources */ = {isa = PBXBuildFile; fileRef = 63A779A025063DBC008260BB /* WorkViewController.swift */; };
/* End PBXBuildFile section */

/* Begin PBXFileReference section */
		634B75892508E34A00045F42 /* NewObjectViewController.swift */ = {isa = PBXFileReference; lastKnownFileType = sourcecode.swift; path = NewObjectViewController.swift; sourceTree = "<group>"; };
		634B758B2508E44C00045F42 /* ObjectTableViewCell.swift */ = {isa = PBXFileReference; lastKnownFileType = sourcecode.swift; path = ObjectTableViewCell.swift; sourceTree = "<group>"; };
		634B758D250903BD00045F42 /* PhotoCellCollectionViewCell.swift */ = {isa = PBXFileReference; lastKnownFileType = sourcecode.swift; path = PhotoCellCollectionViewCell.swift; sourceTree = "<group>"; };
		634B75922509596F00045F42 /* Product.swift */ = {isa = PBXFileReference; lastKnownFileType = sourcecode.swift; path = Product.swift; sourceTree = "<group>"; };
		634B759425096C6F00045F42 /* User.swift */ = {isa = PBXFileReference; lastKnownFileType = sourcecode.swift; path = User.swift; sourceTree = "<group>"; };
		63A7797F2505EFD1008260BB /* Zabor.app */ = {isa = PBXFileReference; explicitFileType = wrapper.application; includeInIndex = 0; path = Zabor.app; sourceTree = BUILT_PRODUCTS_DIR; };
		63A779822505EFD1008260BB /* AppDelegate.swift */ = {isa = PBXFileReference; lastKnownFileType = sourcecode.swift; path = AppDelegate.swift; sourceTree = "<group>"; };
		63A779842505EFD1008260BB /* SceneDelegate.swift */ = {isa = PBXFileReference; lastKnownFileType = sourcecode.swift; path = SceneDelegate.swift; sourceTree = "<group>"; };
		63A779862505EFD1008260BB /* ViewController.swift */ = {isa = PBXFileReference; lastKnownFileType = sourcecode.swift; path = ViewController.swift; sourceTree = "<group>"; };
		63A779892505EFD1008260BB /* Base */ = {isa = PBXFileReference; lastKnownFileType = file.storyboard; name = Base; path = Base.lproj/Main.storyboard; sourceTree = "<group>"; };
		63A7798C2505EFD1008260BB /* Zabor.xcdatamodel */ = {isa = PBXFileReference; lastKnownFileType = wrapper.xcdatamodel; path = Zabor.xcdatamodel; sourceTree = "<group>"; };
		63A7798E2505EFD4008260BB /* Assets.xcassets */ = {isa = PBXFileReference; lastKnownFileType = folder.assetcatalog; path = Assets.xcassets; sourceTree = "<group>"; };
		63A779912505EFD4008260BB /* Base */ = {isa = PBXFileReference; lastKnownFileType = file.storyboard; name = Base; path = Base.lproj/LaunchScreen.storyboard; sourceTree = "<group>"; };
		63A779932505EFD4008260BB /* Info.plist */ = {isa = PBXFileReference; lastKnownFileType = text.plist.xml; path = Info.plist; sourceTree = "<group>"; };
		63A779992506113E008260BB /* GoogleService-Info.plist */ = {isa = PBXFileReference; fileEncoding = 4; lastKnownFileType = text.plist.xml; path = "GoogleService-Info.plist"; sourceTree = "<group>"; };
		63A7799B25061AF8008260BB /* AuthorizationViewController.swift */ = {isa = PBXFileReference; lastKnownFileType = sourcecode.swift; path = AuthorizationViewController.swift; sourceTree = "<group>"; };
		63A7799E2506308A008260BB /* CodeValidationViewController.swift */ = {isa = PBXFileReference; lastKnownFileType = sourcecode.swift; path = CodeValidationViewController.swift; sourceTree = "<group>"; };
		63A779A025063DBC008260BB /* WorkViewController.swift */ = {isa = PBXFileReference; lastKnownFileType = sourcecode.swift; path = WorkViewController.swift; sourceTree = "<group>"; };
		B6DA4E6FEB7FDEA2CF02CF04 /* Pods-Zabor.debug.xcconfig */ = {isa = PBXFileReference; includeInIndex = 1; lastKnownFileType = text.xcconfig; name = "Pods-Zabor.debug.xcconfig"; path = "Target Support Files/Pods-Zabor/Pods-Zabor.debug.xcconfig"; sourceTree = "<group>"; };
		D7A7DB4DD7AD5E3768ABF4B3 /* Pods_Zabor.framework */ = {isa = PBXFileReference; explicitFileType = wrapper.framework; includeInIndex = 0; path = Pods_Zabor.framework; sourceTree = BUILT_PRODUCTS_DIR; };
		DEF67B9F4ED28525CE6FBBA9 /* Pods-Zabor.release.xcconfig */ = {isa = PBXFileReference; includeInIndex = 1; lastKnownFileType = text.xcconfig; name = "Pods-Zabor.release.xcconfig"; path = "Target Support Files/Pods-Zabor/Pods-Zabor.release.xcconfig"; sourceTree = "<group>"; };
/* End PBXFileReference section */

/* Begin PBXFrameworksBuildPhase section */
		63A7797C2505EFD1008260BB /* Frameworks */ = {
			isa = PBXFrameworksBuildPhase;
			buildActionMask = 2147483647;
			files = (
				064DF175F54DD5E9C19D1CF2 /* Pods_Zabor.framework in Frameworks */,
			);
			runOnlyForDeploymentPostprocessing = 0;
		};
/* End PBXFrameworksBuildPhase section */

/* Begin PBXGroup section */
		4C08B3B8F1493C6DA1987452 /* Pods */ = {
			isa = PBXGroup;
			children = (
				B6DA4E6FEB7FDEA2CF02CF04 /* Pods-Zabor.debug.xcconfig */,
				DEF67B9F4ED28525CE6FBBA9 /* Pods-Zabor.release.xcconfig */,
			);
			path = Pods;
			sourceTree = "<group>";
		};
		634B7591250958F600045F42 /* Model */ = {
			isa = PBXGroup;
			children = (
				634B75922509596F00045F42 /* Product.swift */,
				634B759425096C6F00045F42 /* User.swift */,
			);
			path = Model;
			sourceTree = "<group>";
		};
		63A779762505EFD1008260BB = {
			isa = PBXGroup;
			children = (
				63A779812505EFD1008260BB /* Zabor */,
				63A779802505EFD1008260BB /* Products */,
				4C08B3B8F1493C6DA1987452 /* Pods */,
				73665CAE5CF3D25DDBCED49B /* Frameworks */,
			);
			sourceTree = "<group>";
		};
		63A779802505EFD1008260BB /* Products */ = {
			isa = PBXGroup;
			children = (
				63A7797F2505EFD1008260BB /* Zabor.app */,
			);
			name = Products;
			sourceTree = "<group>";
		};
		63A779812505EFD1008260BB /* Zabor */ = {
			isa = PBXGroup;
			children = (
				63A779822505EFD1008260BB /* AppDelegate.swift */,
				63A779842505EFD1008260BB /* SceneDelegate.swift */,
				63A7799D25061B05008260BB /* View */,
				634B7591250958F600045F42 /* Model */,
				63A779882505EFD1008260BB /* Main.storyboard */,
				63A7798E2505EFD4008260BB /* Assets.xcassets */,
				63A779902505EFD4008260BB /* LaunchScreen.storyboard */,
				63A779932505EFD4008260BB /* Info.plist */,
				63A7798B2505EFD1008260BB /* Zabor.xcdatamodeld */,
				63A779992506113E008260BB /* GoogleService-Info.plist */,
			);
			path = Zabor;
			sourceTree = "<group>";
		};
		63A7799D25061B05008260BB /* View */ = {
			isa = PBXGroup;
			children = (
				63A779862505EFD1008260BB /* ViewController.swift */,
				63A7799B25061AF8008260BB /* AuthorizationViewController.swift */,
				63A7799E2506308A008260BB /* CodeValidationViewController.swift */,
				63A779A025063DBC008260BB /* WorkViewController.swift */,
				634B758B2508E44C00045F42 /* ObjectTableViewCell.swift */,
				634B75892508E34A00045F42 /* NewObjectViewController.swift */,
				634B758D250903BD00045F42 /* PhotoCellCollectionViewCell.swift */,
			);
			path = View;
			sourceTree = "<group>";
		};
		73665CAE5CF3D25DDBCED49B /* Frameworks */ = {
			isa = PBXGroup;
			children = (
				D7A7DB4DD7AD5E3768ABF4B3 /* Pods_Zabor.framework */,
			);
			name = Frameworks;
			sourceTree = "<group>";
		};
/* End PBXGroup section */

/* Begin PBXNativeTarget section */
		63A7797E2505EFD1008260BB /* Zabor */ = {
			isa = PBXNativeTarget;
			buildConfigurationList = 63A779962505EFD4008260BB /* Build configuration list for PBXNativeTarget "Zabor" */;
			buildPhases = (
				70D9FAF188B33D7B74434043 /* [CP] Check Pods Manifest.lock */,
				63A7797B2505EFD1008260BB /* Sources */,
				63A7797C2505EFD1008260BB /* Frameworks */,
				63A7797D2505EFD1008260BB /* Resources */,
				9B52BF9FF62D6AD9644E67C1 /* [CP] Embed Pods Frameworks */,
			);
			buildRules = (
			);
			dependencies = (
			);
			name = Zabor;
			productName = Zabor;
			productReference = 63A7797F2505EFD1008260BB /* Zabor.app */;
			productType = "com.apple.product-type.application";
		};
/* End PBXNativeTarget section */

/* Begin PBXProject section */
		63A779772505EFD1008260BB /* Project object */ = {
			isa = PBXProject;
			attributes = {
				LastSwiftUpdateCheck = 1160;
				LastUpgradeCheck = 1160;
				ORGANIZATIONNAME = "Alex Sadunenko";
				TargetAttributes = {
					63A7797E2505EFD1008260BB = {
						CreatedOnToolsVersion = 11.6;
					};
				};
			};
			buildConfigurationList = 63A7797A2505EFD1008260BB /* Build configuration list for PBXProject "Zabor" */;
			compatibilityVersion = "Xcode 9.3";
			developmentRegion = en;
			hasScannedForEncodings = 0;
			knownRegions = (
				en,
				Base,
			);
			mainGroup = 63A779762505EFD1008260BB;
			productRefGroup = 63A779802505EFD1008260BB /* Products */;
			projectDirPath = "";
			projectRoot = "";
			targets = (
				63A7797E2505EFD1008260BB /* Zabor */,
			);
		};
/* End PBXProject section */

/* Begin PBXResourcesBuildPhase section */
		63A7797D2505EFD1008260BB /* Resources */ = {
			isa = PBXResourcesBuildPhase;
			buildActionMask = 2147483647;
			files = (
				63A779922505EFD4008260BB /* LaunchScreen.storyboard in Resources */,
				63A7799A2506113E008260BB /* GoogleService-Info.plist in Resources */,
				63A7798F2505EFD4008260BB /* Assets.xcassets in Resources */,
				63A7798A2505EFD1008260BB /* Main.storyboard in Resources */,
			);
			runOnlyForDeploymentPostprocessing = 0;
		};
/* End PBXResourcesBuildPhase section */

/* Begin PBXShellScriptBuildPhase section */
		70D9FAF188B33D7B74434043 /* [CP] Check Pods Manifest.lock */ = {
			isa = PBXShellScriptBuildPhase;
			buildActionMask = 2147483647;
			files = (
			);
			inputFileListPaths = (
			);
			inputPaths = (
				"${PODS_PODFILE_DIR_PATH}/Podfile.lock",
				"${PODS_ROOT}/Manifest.lock",
			);
			name = "[CP] Check Pods Manifest.lock";
			outputFileListPaths = (
			);
			outputPaths = (
				"$(DERIVED_FILE_DIR)/Pods-Zabor-checkManifestLockResult.txt",
			);
			runOnlyForDeploymentPostprocessing = 0;
			shellPath = /bin/sh;
			shellScript = "diff \"${PODS_PODFILE_DIR_PATH}/Podfile.lock\" \"${PODS_ROOT}/Manifest.lock\" > /dev/null\nif [ $? != 0 ] ; then\n    # print error to STDERR\n    echo \"error: The sandbox is not in sync with the Podfile.lock. Run 'pod install' or update your CocoaPods installation.\" >&2\n    exit 1\nfi\n# This output is used by Xcode 'outputs' to avoid re-running this script phase.\necho \"SUCCESS\" > \"${SCRIPT_OUTPUT_FILE_0}\"\n";
			showEnvVarsInLog = 0;
		};
		9B52BF9FF62D6AD9644E67C1 /* [CP] Embed Pods Frameworks */ = {
			isa = PBXShellScriptBuildPhase;
			buildActionMask = 2147483647;
			files = (
			);
			inputFileListPaths = (
				"${PODS_ROOT}/Target Support Files/Pods-Zabor/Pods-Zabor-frameworks-${CONFIGURATION}-input-files.xcfilelist",
			);
			name = "[CP] Embed Pods Frameworks";
			outputFileListPaths = (
				"${PODS_ROOT}/Target Support Files/Pods-Zabor/Pods-Zabor-frameworks-${CONFIGURATION}-output-files.xcfilelist",
			);
			runOnlyForDeploymentPostprocessing = 0;
			shellPath = /bin/sh;
			shellScript = "\"${PODS_ROOT}/Target Support Files/Pods-Zabor/Pods-Zabor-frameworks.sh\"\n";
			showEnvVarsInLog = 0;
		};
/* End PBXShellScriptBuildPhase section */

/* Begin PBXSourcesBuildPhase section */
		63A7797B2505EFD1008260BB /* Sources */ = {
			isa = PBXSourcesBuildPhase;
			buildActionMask = 2147483647;
			files = (
				634B758A2508E34A00045F42 /* NewObjectViewController.swift in Sources */,
				63A7798D2505EFD1008260BB /* Zabor.xcdatamodeld in Sources */,
				63A779872505EFD1008260BB /* ViewController.swift in Sources */,
				63A7799F2506308A008260BB /* CodeValidationViewController.swift in Sources */,
				63A779832505EFD1008260BB /* AppDelegate.swift in Sources */,
				634B75932509596F00045F42 /* Product.swift in Sources */,
				634B758C2508E44C00045F42 /* ObjectTableViewCell.swift in Sources */,
				63A7799C25061AF8008260BB /* AuthorizationViewController.swift in Sources */,
				634B759525096C6F00045F42 /* User.swift in Sources */,
				63A779A125063DBC008260BB /* WorkViewController.swift in Sources */,
				63A779852505EFD1008260BB /* SceneDelegate.swift in Sources */,
				634B758E250903BD00045F42 /* PhotoCellCollectionViewCell.swift in Sources */,
			);
			runOnlyForDeploymentPostprocessing = 0;
		};
/* End PBXSourcesBuildPhase section */

/* Begin PBXVariantGroup section */
		63A779882505EFD1008260BB /* Main.storyboard */ = {
			isa = PBXVariantGroup;
			children = (
				63A779892505EFD1008260BB /* Base */,
			);
			name = Main.storyboard;
			sourceTree = "<group>";
		};
		63A779902505EFD4008260BB /* LaunchScreen.storyboard */ = {
			isa = PBXVariantGroup;
			children = (
				63A779912505EFD4008260BB /* Base */,
			);
			name = LaunchScreen.storyboard;
			sourceTree = "<group>";
		};
/* End PBXVariantGroup section */

/* Begin XCBuildConfiguration section */
		63A779942505EFD4008260BB /* Debug */ = {
			isa = XCBuildConfiguration;
			buildSettings = {
				ALWAYS_SEARCH_USER_PATHS = NO;
				CLANG_ANALYZER_NONNULL = YES;
				CLANG_ANALYZER_NUMBER_OBJECT_CONVERSION = YES_AGGRESSIVE;
				CLANG_CXX_LANGUAGE_STANDARD = "gnu++14";
				CLANG_CXX_LIBRARY = "libc++";
				CLANG_ENABLE_MODULES = YES;
				CLANG_ENABLE_OBJC_ARC = YES;
				CLANG_ENABLE_OBJC_WEAK = YES;
				CLANG_WARN_BLOCK_CAPTURE_AUTORELEASING = YES;
				CLANG_WARN_BOOL_CONVERSION = YES;
				CLANG_WARN_COMMA = YES;
				CLANG_WARN_CONSTANT_CONVERSION = YES;
				CLANG_WARN_DEPRECATED_OBJC_IMPLEMENTATIONS = YES;
				CLANG_WARN_DIRECT_OBJC_ISA_USAGE = YES_ERROR;
				CLANG_WARN_DOCUMENTATION_COMMENTS = YES;
				CLANG_WARN_EMPTY_BODY = YES;
				CLANG_WARN_ENUM_CONVERSION = YES;
				CLANG_WARN_INFINITE_RECURSION = YES;
				CLANG_WARN_INT_CONVERSION = YES;
				CLANG_WARN_NON_LITERAL_NULL_CONVERSION = YES;
				CLANG_WARN_OBJC_IMPLICIT_RETAIN_SELF = YES;
				CLANG_WARN_OBJC_LITERAL_CONVERSION = YES;
				CLANG_WARN_OBJC_ROOT_CLASS = YES_ERROR;
				CLANG_WARN_RANGE_LOOP_ANALYSIS = YES;
				CLANG_WARN_STRICT_PROTOTYPES = YES;
				CLANG_WARN_SUSPICIOUS_MOVE = YES;
				CLANG_WARN_UNGUARDED_AVAILABILITY = YES_AGGRESSIVE;
				CLANG_WARN_UNREACHABLE_CODE = YES;
				CLANG_WARN__DUPLICATE_METHOD_MATCH = YES;
				COPY_PHASE_STRIP = NO;
				DEBUG_INFORMATION_FORMAT = dwarf;
				ENABLE_STRICT_OBJC_MSGSEND = YES;
				ENABLE_TESTABILITY = YES;
				GCC_C_LANGUAGE_STANDARD = gnu11;
				GCC_DYNAMIC_NO_PIC = NO;
				GCC_NO_COMMON_BLOCKS = YES;
				GCC_OPTIMIZATION_LEVEL = 0;
				GCC_PREPROCESSOR_DEFINITIONS = (
					"DEBUG=1",
					"$(inherited)",
				);
				GCC_WARN_64_TO_32_BIT_CONVERSION = YES;
				GCC_WARN_ABOUT_RETURN_TYPE = YES_ERROR;
				GCC_WARN_UNDECLARED_SELECTOR = YES;
				GCC_WARN_UNINITIALIZED_AUTOS = YES_AGGRESSIVE;
				GCC_WARN_UNUSED_FUNCTION = YES;
				GCC_WARN_UNUSED_VARIABLE = YES;
				IPHONEOS_DEPLOYMENT_TARGET = 13.6;
				MTL_ENABLE_DEBUG_INFO = INCLUDE_SOURCE;
				MTL_FAST_MATH = YES;
				ONLY_ACTIVE_ARCH = YES;
				SDKROOT = iphoneos;
				SWIFT_ACTIVE_COMPILATION_CONDITIONS = DEBUG;
				SWIFT_OPTIMIZATION_LEVEL = "-Onone";
			};
			name = Debug;
		};
		63A779952505EFD4008260BB /* Release */ = {
			isa = XCBuildConfiguration;
			buildSettings = {
				ALWAYS_SEARCH_USER_PATHS = NO;
				CLANG_ANALYZER_NONNULL = YES;
				CLANG_ANALYZER_NUMBER_OBJECT_CONVERSION = YES_AGGRESSIVE;
				CLANG_CXX_LANGUAGE_STANDARD = "gnu++14";
				CLANG_CXX_LIBRARY = "libc++";
				CLANG_ENABLE_MODULES = YES;
				CLANG_ENABLE_OBJC_ARC = YES;
				CLANG_ENABLE_OBJC_WEAK = YES;
				CLANG_WARN_BLOCK_CAPTURE_AUTORELEASING = YES;
				CLANG_WARN_BOOL_CONVERSION = YES;
				CLANG_WARN_COMMA = YES;
				CLANG_WARN_CONSTANT_CONVERSION = YES;
				CLANG_WARN_DEPRECATED_OBJC_IMPLEMENTATIONS = YES;
				CLANG_WARN_DIRECT_OBJC_ISA_USAGE = YES_ERROR;
				CLANG_WARN_DOCUMENTATION_COMMENTS = YES;
				CLANG_WARN_EMPTY_BODY = YES;
				CLANG_WARN_ENUM_CONVERSION = YES;
				CLANG_WARN_INFINITE_RECURSION = YES;
				CLANG_WARN_INT_CONVERSION = YES;
				CLANG_WARN_NON_LITERAL_NULL_CONVERSION = YES;
				CLANG_WARN_OBJC_IMPLICIT_RETAIN_SELF = YES;
				CLANG_WARN_OBJC_LITERAL_CONVERSION = YES;
				CLANG_WARN_OBJC_ROOT_CLASS = YES_ERROR;
				CLANG_WARN_RANGE_LOOP_ANALYSIS = YES;
				CLANG_WARN_STRICT_PROTOTYPES = YES;
				CLANG_WARN_SUSPICIOUS_MOVE = YES;
				CLANG_WARN_UNGUARDED_AVAILABILITY = YES_AGGRESSIVE;
				CLANG_WARN_UNREACHABLE_CODE = YES;
				CLANG_WARN__DUPLICATE_METHOD_MATCH = YES;
				COPY_PHASE_STRIP = NO;
				DEBUG_INFORMATION_FORMAT = "dwarf-with-dsym";
				ENABLE_NS_ASSERTIONS = NO;
				ENABLE_STRICT_OBJC_MSGSEND = YES;
				GCC_C_LANGUAGE_STANDARD = gnu11;
				GCC_NO_COMMON_BLOCKS = YES;
				GCC_WARN_64_TO_32_BIT_CONVERSION = YES;
				GCC_WARN_ABOUT_RETURN_TYPE = YES_ERROR;
				GCC_WARN_UNDECLARED_SELECTOR = YES;
				GCC_WARN_UNINITIALIZED_AUTOS = YES_AGGRESSIVE;
				GCC_WARN_UNUSED_FUNCTION = YES;
				GCC_WARN_UNUSED_VARIABLE = YES;
				IPHONEOS_DEPLOYMENT_TARGET = 13.6;
				MTL_ENABLE_DEBUG_INFO = NO;
				MTL_FAST_MATH = YES;
				SDKROOT = iphoneos;
				SWIFT_COMPILATION_MODE = wholemodule;
				SWIFT_OPTIMIZATION_LEVEL = "-O";
				VALIDATE_PRODUCT = YES;
			};
			name = Release;
		};
		63A779972505EFD4008260BB /* Debug */ = {
			isa = XCBuildConfiguration;
			baseConfigurationReference = B6DA4E6FEB7FDEA2CF02CF04 /* Pods-Zabor.debug.xcconfig */;
			buildSettings = {
				ASSETCATALOG_COMPILER_APPICON_NAME = AppIcon;
				CODE_SIGN_STYLE = Automatic;
				DEVELOPMENT_TEAM = 4B67BR968B;
				INFOPLIST_FILE = Zabor/Info.plist;
				LD_RUNPATH_SEARCH_PATHS = (
					"$(inherited)",
					"@executable_path/Frameworks",
				);
				PRODUCT_BUNDLE_IDENTIFIER = com.sadunenko.Zabor;
				PRODUCT_NAME = "$(TARGET_NAME)";
				SWIFT_VERSION = 5.0;
				TARGETED_DEVICE_FAMILY = 1;
			};
			name = Debug;
		};
		63A779982505EFD4008260BB /* Release */ = {
			isa = XCBuildConfiguration;
			baseConfigurationReference = DEF67B9F4ED28525CE6FBBA9 /* Pods-Zabor.release.xcconfig */;
			buildSettings = {
				ASSETCATALOG_COMPILER_APPICON_NAME = AppIcon;
				CODE_SIGN_STYLE = Automatic;
				DEVELOPMENT_TEAM = 4B67BR968B;
				INFOPLIST_FILE = Zabor/Info.plist;
				LD_RUNPATH_SEARCH_PATHS = (
					"$(inherited)",
					"@executable_path/Frameworks",
				);
				PRODUCT_BUNDLE_IDENTIFIER = com.sadunenko.Zabor;
				PRODUCT_NAME = "$(TARGET_NAME)";
				SWIFT_VERSION = 5.0;
				TARGETED_DEVICE_FAMILY = 1;
			};
			name = Release;
		};
/* End XCBuildConfiguration section */

/* Begin XCConfigurationList section */
		63A7797A2505EFD1008260BB /* Build configuration list for PBXProject "Zabor" */ = {
			isa = XCConfigurationList;
			buildConfigurations = (
				63A779942505EFD4008260BB /* Debug */,
				63A779952505EFD4008260BB /* Release */,
			);
			defaultConfigurationIsVisible = 0;
			defaultConfigurationName = Release;
		};
		63A779962505EFD4008260BB /* Build configuration list for PBXNativeTarget "Zabor" */ = {
			isa = XCConfigurationList;
			buildConfigurations = (
				63A779972505EFD4008260BB /* Debug */,
				63A779982505EFD4008260BB /* Release */,
			);
			defaultConfigurationIsVisible = 0;
			defaultConfigurationName = Release;
		};
/* End XCConfigurationList section */

/* Begin XCVersionGroup section */
		63A7798B2505EFD1008260BB /* Zabor.xcdatamodeld */ = {
			isa = XCVersionGroup;
			children = (
				63A7798C2505EFD1008260BB /* Zabor.xcdatamodel */,
			);
			currentVersion = 63A7798C2505EFD1008260BB /* Zabor.xcdatamodel */;
			path = Zabor.xcdatamodeld;
			sourceTree = "<group>";
			versionGroupType = wrapper.xcdatamodel;
		};
/* End XCVersionGroup section */
	};
	rootObject = 63A779772505EFD1008260BB /* Project object */;
}
